symfony d4f1721336f9730ed6880cf493659985a7207aa3
twig 7bc07dc132f96027289c994ef3eeb618ebc2ec3d
monolog b704c49a3051536f67f2d39f13568f74615b9922
doctrine-common 5c9401b57d3c93b71e46857a55a83a54d6397eee
doctrine-dbal d3847864ad336b5e44bae05e7fff1a05636918fd
doctrine 633e342d82dbc33c8d3029f8c34e20ce3b1a472c
swiftmailer daaff2b8515390fbb10882647311f476b89a67e6
assetic f829ad23d23c87480151a21faad49fefe7c09e5d
twig-extensions d5851b96f06442e74590e5540a4209e9e3946243
metadata 30c622cad82e39a6856b981a9bfb9df06b3cc067
SensioFrameworkExtraBundle dcd40eb4e2fff2d82fad644bb44fc2a40ccaf381
JMSSecurityExtraBundle b8b7eb294ed83d83ca7260ac018e701f08003538
SensioDistributionBundle 20b66a408084ad8752f98e50f10533f5245310bf
SensioGeneratorBundle c6af9719ae9e81fa4e086f40697d35e7090921cc
AsseticBundle 41b5913b5086a0909af92adcb4a6005ee0051b16
FOSTwitterBundle d8d0b8768e8244512bca96042f469c96f97a08f6
twitteroauth f5e557e5cb87c872877d238cdffbd8e37e01ecc5
pChart-php5 a877d1be2c247ae7fd5253d05e3e1a3f10db32e8
GoogleChartGenerator 0a510e544f3ecc020d28917d01dda7e552fb3d3d